
Microsoft Visual Studio Solution File, Format Version 12.00
# Visual Studio 15
VisualStudioVersion = 15.0.26124.0
MinimumVisualStudioVersion = 15.0.26124.0
Project("{9A19103F-16F7-4668-BE54-9A1E7A4F7556}") = "mlnet_model", "mlnet_model\mlnet_model.csproj", "{FC809961-DF94-4023-9F98-56E151AFFBE2}"
EndProject
Project("{9A19103F-16F7-4668-BE54-9A1E7A4F7556}") = "mlnet_trainer", "mlnet_trainer\mlnet_trainer.csproj", "{59694908-9ED7-456F-A1F9-5573932DC040}"
EndProject
Project("{9A19103F-16F7-4668-BE54-9A1E7A4F7556}") = "mlnet_trainer_tests", "mlnet_trainer_tests\mlnet_trainer_tests.csproj", "{7FF6916A-AFE0-4F92-9086-9E75426B0477}"
EndProject
Project("{9A19103F-16F7-4668-BE54-9A1E7A4F7556}") = "mlnet_trainer_tools", "mlnet_trainer_tools\mlnet_trainer_tools.csproj", "{987C88D3-30F8-4DE1-B085-10FDCCAAF9AF}"
EndProject
Project("{2150E333-8FDC-42A3-9474-1A3956D46DE8}") = "Solution Items", "Solution Items", "{B4BF9A9F-F251-410A-9F66-DE8B227681BA}"
	ProjectSection(SolutionItems) = preProject
		..\producer-pipeline.yml = ..\producer-pipeline.yml
	EndProjectSection
EndProject
Global
	GlobalSection(SolutionConfigurationPlatforms) = preSolution
		Debug|Any CPU = Debug|Any CPU
		Debug|x64 = Debug|x64
		Debug|x86 = Debug|x86
		Release|Any CPU = Release|Any CPU
		Release|x64 = Release|x64
		Release|x86 = Release|x86
	EndGlobalSection
	GlobalSection(ProjectConfigurationPlatforms) = postSolution
		{FC809961-DF94-4023-9F98-56E151AFFBE2}.Debug|Any CPU.ActiveCfg = Debug|Any CPU
		{FC809961-DF94-4023-9F98-56E151AFFBE2}.Debug|Any CPU.Build.0 = Debug|Any CPU
		{FC809961-DF94-4023-9F98-56E151AFFBE2}.Debug|x64.ActiveCfg = Debug|Any CPU
		{FC809961-DF94-4023-9F98-56E151AFFBE2}.Debug|x64.Build.0 = Debug|Any CPU
		{FC809961-DF94-4023-9F98-56E151AFFBE2}.Debug|x86.ActiveCfg = Debug|Any CPU
		{FC809961-DF94-4023-9F98-56E151AFFBE2}.Debug|x86.Build.0 = Debug|Any CPU
		{FC809961-DF94-4023-9F98-56E151AFFBE2}.Release|Any CPU.ActiveCfg = Release|Any CPU
		{FC809961-DF94-4023-9F98-56E151AFFBE2}.Release|Any CPU.Build.0 = Release|Any CPU
		{FC809961-DF94-4023-9F98-56E151AFFBE2}.Release|x64.ActiveCfg = Release|Any CPU
		{FC809961-DF94-4023-9F98-56E151AFFBE2}.Release|x64.Build.0 = Release|Any CPU
		{FC809961-DF94-4023-9F98-56E151AFFBE2}.Release|x86.ActiveCfg = Release|Any CPU
		{FC809961-DF94-4023-9F98-56E151AFFBE2}.Release|x86.Build.0 = Release|Any CPU
		{59694908-9ED7-456F-A1F9-5573932DC040}.Debug|Any CPU.ActiveCfg = Debug|Any CPU
		{59694908-9ED7-456F-A1F9-5573932DC040}.Debug|Any CPU.Build.0 = Debug|Any CPU
		{59694908-9ED7-456F-A1F9-5573932DC040}.Debug|x64.ActiveCfg = Debug|Any CPU
		{59694908-9ED7-456F-A1F9-5573932DC040}.Debug|x64.Build.0 = Debug|Any CPU
		{59694908-9ED7-456F-A1F9-5573932DC040}.Debug|x86.ActiveCfg = Debug|Any CPU
		{59694908-9ED7-456F-A1F9-5573932DC040}.Debug|x86.Build.0 = Debug|Any CPU
		{59694908-9ED7-456F-A1F9-5573932DC040}.Release|Any CPU.ActiveCfg = Release|Any CPU
		{59694908-9ED7-456F-A1F9-5573932DC040}.Release|Any CPU.Build.0 = Release|Any CPU
		{59694908-9ED7-456F-A1F9-5573932DC040}.Release|x64.ActiveCfg = Release|Any CPU
		{59694908-9ED7-456F-A1F9-5573932DC040}.Release|x64.Build.0 = Release|Any CPU
		{59694908-9ED7-456F-A1F9-5573932DC040}.Release|x86.ActiveCfg = Release|Any CPU
		{59694908-9ED7-456F-A1F9-5573932DC040}.Release|x86.Build.0 = Release|Any CPU
		{7FF6916A-AFE0-4F92-9086-9E75426B0477}.Debug|Any CPU.ActiveCfg = Debug|Any CPU
		{7FF6916A-AFE0-4F92-9086-9E75426B0477}.Debug|Any CPU.Build.0 = Debug|Any CPU
		{7FF6916A-AFE0-4F92-9086-9E75426B0477}.Debug|x64.ActiveCfg = Debug|Any CPU
		{7FF6916A-AFE0-4F92-9086-9E75426B0477}.Debug|x64.Build.0 = Debug|Any CPU
		{7FF6916A-AFE0-4F92-9086-9E75426B0477}.Debug|x86.ActiveCfg = Debug|Any CPU
		{7FF6916A-AFE0-4F92-9086-9E75426B0477}.Debug|x86.Build.0 = Debug|Any CPU
		{7FF6916A-AFE0-4F92-9086-9E75426B0477}.Release|Any CPU.ActiveCfg = Release|Any CPU
		{7FF6916A-AFE0-4F92-9086-9E75426B0477}.Release|Any CPU.Build.0 = Release|Any CPU
		{7FF6916A-AFE0-4F92-9086-9E75426B0477}.Release|x64.ActiveCfg = Release|Any CPU
		{7FF6916A-AFE0-4F92-9086-9E75426B0477}.Release|x64.Build.0 = Release|Any CPU
		{7FF6916A-AFE0-4F92-9086-9E75426B0477}.Release|x86.ActiveCfg = Release|Any CPU
		{7FF6916A-AFE0-4F92-9086-9E75426B0477}.Release|x86.Build.0 = Release|Any CPU
		{987C88D3-30F8-4DE1-B085-10FDCCAAF9AF}.Debug|Any CPU.ActiveCfg = Debug|Any CPU
		{987C88D3-30F8-4DE1-B085-10FDCCAAF9AF}.Debug|Any CPU.Build.0 = Debug|Any CPU
		{987C88D3-30F8-4DE1-B085-10FDCCAAF9AF}.Debug|x64.ActiveCfg = Debug|Any CPU
		{987C88D3-30F8-4DE1-B085-10FDCCAAF9AF}.Debug|x64.Build.0 = Debug|Any CPU
		{987C88D3-30F8-4DE1-B085-10FDCCAAF9AF}.Debug|x86.ActiveCfg = Debug|Any CPU
		{987C88D3-30F8-4DE1-B085-10FDCCAAF9AF}.Debug|x86.Build.0 = Debug|Any CPU
		{987C88D3-30F8-4DE1-B085-10FDCCAAF9AF}.Release|Any CPU.ActiveCfg = Release|Any CPU
		{987C88D3-30F8-4DE1-B085-10FDCCAAF9AF}.Release|Any CPU.Build.0 = Release|Any CPU
		{987C88D3-30F8-4DE1-B085-10FDCCAAF9AF}.Release|x64.ActiveCfg = Release|Any CPU
		{987C88D3-30F8-4DE1-B085-10FDCCAAF9AF}.Release|x64.Build.0 = Release|Any CPU
		{987C88D3-30F8-4DE1-B085-10FDCCAAF9AF}.Release|x86.ActiveCfg = Release|Any CPU
		{987C88D3-30F8-4DE1-B085-10FDCCAAF9AF}.Release|x86.Build.0 = Release|Any CPU
	EndGlobalSection
	GlobalSection(SolutionProperties) = preSolution
		HideSolutionNode = FALSE
	EndGlobalSection
	GlobalSection(ExtensibilityGlobals) = postSolution
		SolutionGuid = {E0FA5173-9488-411C-840A-1D09F649124D}
	EndGlobalSection
EndGlobal
